PODS:
  - Capacitor (5.4.0):
    - CapacitorCordova
  - CapacitorCordova (5.4.0)
  - CapacitorDevice (5.0.6):
    - Capacitor
  - Jonz94CapacitorSim (2.0.0):
    - Capacitor

DEPENDENCIES:
  - "Capacitor (from `../../node_modules/@capacitor/ios`)"
  - "CapacitorCordova (from `../../node_modules/@capacitor/ios`)"
  - "CapacitorDevice (from `../../node_modules/@capacitor/device`)"
  - "Jonz94CapacitorSim (from `../../node_modules/@jonz94/capacitor-sim`)"

EXTERNAL SOURCES:
  Capacitor:
    :path: "../../node_modules/@capacitor/ios"
  CapacitorCordova:
    :path: "../../node_modules/@capacitor/ios"
  CapacitorDevice:
    :path: "../../node_modules/@capacitor/device"
  Jonz94CapacitorSim:
    :path: "../../node_modules/@jonz94/capacitor-sim"

SPEC CHECKSUMS:
  Capacitor: a5cd803e02b471591c81165f400ace01f40b11d3
  CapacitorCordova: 66ce22f9976de30fd816f746e9e92e07d6befafd
  CapacitorDevice: 2c968f98a1ec4d22357418c1521e7ddc46c675e6
  Jonz94CapacitorSim: bf15d9282f7517a9512323ecb6b732f8ff53602c

PODFILE CHECKSUM: 7e7ae4cada063035f424d27db49c3b766e2d70d9

COCOAPODS: 1.12.1
